// !$*UTF8*$!
{
	archiveVersion = 1;
	classes = {
	};
	objectVersion = 50;
	objects = {

/* Begin PBXBuildFile section */
		7F48355E43F0BC105775DAAE /* Pods_GIF_Finder.framework in Frameworks */ = {isa = PBXBuildFile; fileRef = 2E02E0BE8E45DD7AD2AEC806 /* Pods_GIF_Finder.framework */; };
		DD8884B02269A172001FB1FC /* AppDelegate.swift in Sources */ = {isa = PBXBuildFile; fileRef = DD8884AF2269A172001FB1FC /* AppDelegate.swift */; };
		DD8884B22269A172001FB1FC /* ViewController.swift in Sources */ = {isa = PBXBuildFile; fileRef = DD8884B12269A172001FB1FC /* ViewController.swift */; };
		DD8884B52269A172001FB1FC /* Main.storyboard in Resources */ = {isa = PBXBuildFile; fileRef = DD8884B32269A172001FB1FC /* Main.storyboard */; };
		DD8884B82269A172001FB1FC /* GIF_Finder.xcdatamodeld in Sources */ = {isa = PBXBuildFile; fileRef = DD8884B62269A172001FB1FC /* GIF_Finder.xcdatamodeld */; };
		DD8884BA2269A176001FB1FC /* Assets.xcassets in Resources */ = {isa = PBXBuildFile; fileRef = DD8884B92269A176001FB1FC /* Assets.xcassets */; };
		DD8884BD2269A176001FB1FC /* LaunchScreen.storyboard in Resources */ = {isa = PBXBuildFile; fileRef = DD8884BB2269A176001FB1FC /* LaunchScreen.storyboard */; };
		DD8884C62269A40A001FB1FC /* APIManager.swift in Sources */ = {isa = PBXBuildFile; fileRef = DD8884C52269A40A001FB1FC /* APIManager.swift */; };
		DD8884C8226D8424001FB1FC /* Protocols.swift in Sources */ = {isa = PBXBuildFile; fileRef = DD8884C7226D8423001FB1FC /* Protocols.swift */; };
		DD8884CB226D917E001FB1FC /* Server.swift in Sources */ = {isa = PBXBuildFile; fileRef = DD8884CA226D917E001FB1FC /* Server.swift */; };
		DD8884F8226FAAFD001FB1FC /* GifListGetter.swift in Sources */ = {isa = PBXBuildFile; fileRef = DD8884F7226FAAFD001FB1FC /* GifListGetter.swift */; };
		DD8884FA226FB224001FB1FC /* GifList.swift in Sources */ = {isa = PBXBuildFile; fileRef = DD8884F9226FB224001FB1FC /* GifList.swift */; };
		DD8884FD2271017F001FB1FC /* GifListProtocols.swift in Sources */ = {isa = PBXBuildFile; fileRef = DD8884FC2271017F001FB1FC /* GifListProtocols.swift */; };
/* End PBXBuildFile section */

/* Begin PBXFileReference section */
		069CF67BAF51EE4A5881A412 /* Pods-GIF Finder.release.xcconfig */ = {isa = PBXFileReference; includeInIndex = 1; lastKnownFileType = text.xcconfig; name = "Pods-GIF Finder.release.xcconfig"; path = "Pods/Target Support Files/Pods-GIF Finder/Pods-GIF Finder.release.xcconfig"; sourceTree = "<group>"; };
		2E02E0BE8E45DD7AD2AEC806 /* Pods_GIF_Finder.framework */ = {isa = PBXFileReference; explicitFileType = wrapper.framework; includeInIndex = 0; path = Pods_GIF_Finder.framework; sourceTree = BUILT_PRODUCTS_DIR; };
		95BF9E0743F7F07F7EB7F4A6 /* Pods-GIF Finder.debug.xcconfig */ = {isa = PBXFileReference; includeInIndex = 1; lastKnownFileType = text.xcconfig; name = "Pods-GIF Finder.debug.xcconfig"; path = "Pods/Target Support Files/Pods-GIF Finder/Pods-GIF Finder.debug.xcconfig"; sourceTree = "<group>"; };
		DD8884AC2269A172001FB1FC /* GIF Finder.app */ = {isa = PBXFileReference; explicitFileType = wrapper.application; includeInIndex = 0; path = "GIF Finder.app"; sourceTree = BUILT_PRODUCTS_DIR; };
		DD8884AF2269A172001FB1FC /* AppDelegate.swift */ = {isa = PBXFileReference; lastKnownFileType = sourcecode.swift; path = AppDelegate.swift; sourceTree = "<group>"; };
		DD8884B12269A172001FB1FC /* ViewController.swift */ = {isa = PBXFileReference; lastKnownFileType = sourcecode.swift; path = ViewController.swift; sourceTree = "<group>"; };
		DD8884B42269A172001FB1FC /* Base */ = {isa = PBXFileReference; lastKnownFileType = file.storyboard; name = Base; path = Base.lproj/Main.storyboard; sourceTree = "<group>"; };
		DD8884B72269A172001FB1FC /* GIF_Finder.xcdatamodel */ = {isa = PBXFileReference; lastKnownFileType = wrapper.xcdatamodel; path = GIF_Finder.xcdatamodel; sourceTree = "<group>"; };
		DD8884B92269A176001FB1FC /* Assets.xcassets */ = {isa = PBXFileReference; lastKnownFileType = folder.assetcatalog; path = Assets.xcassets; sourceTree = "<group>"; };
		DD8884BC2269A176001FB1FC /* Base */ = {isa = PBXFileReference; lastKnownFileType = file.storyboard; name = Base; path = Base.lproj/LaunchScreen.storyboard; sourceTree = "<group>"; };
		DD8884BE2269A176001FB1FC /* Info.plist */ = {isa = PBXFileReference; lastKnownFileType = text.plist.xml; path = Info.plist; sourceTree = "<group>"; };
		DD8884C52269A40A001FB1FC /* APIManager.swift */ = {isa = PBXFileReference; lastKnownFileType = sourcecode.swift; path = APIManager.swift; sourceTree = "<group>"; };
		DD8884C7226D8423001FB1FC /* Protocols.swift */ = {isa = PBXFileReference; lastKnownFileType = sourcecode.swift; path = Protocols.swift; sourceTree = "<group>"; };
		DD8884CA226D917E001FB1FC /* Server.swift */ = {isa = PBXFileReference; lastKnownFileType = sourcecode.swift; path = Server.swift; sourceTree = "<group>"; };
		DD8884F7226FAAFD001FB1FC /* GifListGetter.swift */ = {isa = PBXFileReference; lastKnownFileType = sourcecode.swift; path = GifListGetter.swift; sourceTree = "<group>"; };
		DD8884F9226FB224001FB1FC /* GifList.swift */ = {isa = PBXFileReference; lastKnownFileType = sourcecode.swift; path = GifList.swift; sourceTree = "<group>"; };
		DD8884FC2271017F001FB1FC /* GifListProtocols.swift */ = {isa = PBXFileReference; lastKnownFileType = sourcecode.swift; path = GifListProtocols.swift; sourceTree = "<group>"; };
/* End PBXFileReference section */

/* Begin PBXFrameworksBuildPhase section */
		DD8884A92269A172001FB1FC /* Frameworks */ = {
			isa = PBXFrameworksBuildPhase;
			buildActionMask = 2147483647;
			files = (
				7F48355E43F0BC105775DAAE /* Pods_GIF_Finder.framework in Frameworks */,
			);
			runOnlyForDeploymentPostprocessing = 0;
		};
/* End PBXFrameworksBuildPhase section */

/* Begin PBXGroup section */
		7941CFC2DD222FD9FD328395 /* Pods */ = {
			isa = PBXGroup;
			children = (
				95BF9E0743F7F07F7EB7F4A6 /* Pods-GIF Finder.debug.xcconfig */,
				069CF67BAF51EE4A5881A412 /* Pods-GIF Finder.release.xcconfig */,
			);
			name = Pods;
			sourceTree = "<group>";
		};
		D218C04E54265C1B69F64ADD /* Frameworks */ = {
			isa = PBXGroup;
			children = (
				2E02E0BE8E45DD7AD2AEC806 /* Pods_GIF_Finder.framework */,
			);
			name = Frameworks;
			sourceTree = "<group>";
		};
		DD8884A32269A172001FB1FC = {
			isa = PBXGroup;
			children = (
				DD8884AE2269A172001FB1FC /* GIF Finder */,
				DD8884AD2269A172001FB1FC /* Products */,
				7941CFC2DD222FD9FD328395 /* Pods */,
				D218C04E54265C1B69F64ADD /* Frameworks */,
			);
			sourceTree = "<group>";
		};
		DD8884AD2269A172001FB1FC /* Products */ = {
			isa = PBXGroup;
			children = (
				DD8884AC2269A172001FB1FC /* GIF Finder.app */,
			);
			name = Products;
			sourceTree = "<group>";
		};
		DD8884AE2269A172001FB1FC /* GIF Finder */ = {
			isa = PBXGroup;
			children = (
				DD8884F2226FA910001FB1FC /* Modules */,
				DD8884C9226D90E1001FB1FC /* Entities */,
				DD8884C42269A306001FB1FC /* ServerService */,
				DD8884AF2269A172001FB1FC /* AppDelegate.swift */,
				DD8884B32269A172001FB1FC /* Main.storyboard */,
				DD8884B92269A176001FB1FC /* Assets.xcassets */,
				DD8884BB2269A176001FB1FC /* LaunchScreen.storyboard */,
				DD8884BE2269A176001FB1FC /* Info.plist */,
				DD8884B62269A172001FB1FC /* GIF_Finder.xcdatamodeld */,
			);
			path = "GIF Finder";
			sourceTree = "<group>";
		};
		DD8884C42269A306001FB1FC /* ServerService */ = {
			isa = PBXGroup;
			children = (
				DD8884C7226D8423001FB1FC /* Protocols.swift */,
				DD8884C52269A40A001FB1FC /* APIManager.swift */,
			);
			path = ServerService;
			sourceTree = "<group>";
		};
		DD8884C9226D90E1001FB1FC /* Entities */ = {
			isa = PBXGroup;
			children = (
				DD8884CA226D917E001FB1FC /* Server.swift */,
				DD8884F9226FB224001FB1FC /* GifList.swift */,
			);
			path = Entities;
			sourceTree = "<group>";
		};
		DD8884F2226FA910001FB1FC /* Modules */ = {
			isa = PBXGroup;
			children = (
				DD8884F6226FA971001FB1FC /* GifList */,
			);
			path = Modules;
			sourceTree = "<group>";
		};
		DD8884F3226FA930001FB1FC /* Model */ = {
			isa = PBXGroup;
			children = (
				DD8884F7226FAAFD001FB1FC /* GifListGetter.swift */,
			);
			path = Model;
			sourceTree = "<group>";
		};
		DD8884F4226FA93C001FB1FC /* View */ = {
			isa = PBXGroup;
			children = (
			);
			path = View;
			sourceTree = "<group>";
		};
		DD8884F5226FA949001FB1FC /* Controller */ = {
			isa = PBXGroup;
			children = (
				DD8884B12269A172001FB1FC /* ViewController.swift */,
			);
			path = Controller;
			sourceTree = "<group>";
		};
		DD8884F6226FA971001FB1FC /* GifList */ = {
			isa = PBXGroup;
			children = (
				DD8884FB22710125001FB1FC /* Protocols */,
				DD8884F3226FA930001FB1FC /* Model */,
				DD8884F4226FA93C001FB1FC /* View */,
				DD8884F5226FA949001FB1FC /* Controller */,
			);
			path = GifList;
			sourceTree = "<group>";
		};
		DD8884FB22710125001FB1FC /* Protocols */ = {
			isa = PBXGroup;
			children = (
				DD8884FC2271017F001FB1FC /* GifListProtocols.swift */,
			);
			path = Protocols;
			sourceTree = "<group>";
		};
/* End PBXGroup section */

/* Begin PBXNativeTarget section */
		DD8884AB2269A172001FB1FC /* GIF Finder */ = {
			isa = PBXNativeTarget;
			buildConfigurationList = DD8884C12269A176001FB1FC /* Build configuration list for PBXNativeTarget "GIF Finder" */;
			buildPhases = (
				31B227F795DF054BC273AA63 /* [CP] Check Pods Manifest.lock */,
				DD8884A82269A172001FB1FC /* Sources */,
				DD8884A92269A172001FB1FC /* Frameworks */,
				DD8884AA2269A172001FB1FC /* Resources */,
				EC081652F7C30D1BBEFA969B /* [CP] Embed Pods Frameworks */,
			);
			buildRules = (
			);
			dependencies = (
			);
			name = "GIF Finder";
			productName = "GIF Finder";
			productReference = DD8884AC2269A172001FB1FC /* GIF Finder.app */;
			productType = "com.apple.product-type.application";
		};
/* End PBXNativeTarget section */

/* Begin PBXProject section */
		DD8884A42269A172001FB1FC /* Project object */ = {
			isa = PBXProject;
			attributes = {
				LastSwiftUpdateCheck = 1020;
				LastUpgradeCheck = 1020;
				ORGANIZATIONNAME = "Никита Кудряков";
				TargetAttributes = {
					DD8884AB2269A172001FB1FC = {
						CreatedOnToolsVersion = 10.2.1;
					};
				};
			};
			buildConfigurationList = DD8884A72269A172001FB1FC /* Build configuration list for PBXProject "GIF Finder" */;
			compatibilityVersion = "Xcode 9.3";
			developmentRegion = en;
			hasScannedForEncodings = 0;
			knownRegions = (
				en,
				Base,
			);
			mainGroup = DD8884A32269A172001FB1FC;
			productRefGroup = DD8884AD2269A172001FB1FC /* Products */;
			projectDirPath = "";
			projectRoot = "";
			targets = (
				DD8884AB2269A172001FB1FC /* GIF Finder */,
			);
		};
/* End PBXProject section */

/* Begin PBXResourcesBuildPhase section */
		DD8884AA2269A172001FB1FC /* Resources */ = {
			isa = PBXResourcesBuildPhase;
			buildActionMask = 2147483647;
			files = (
				DD8884BD2269A176001FB1FC /* LaunchScreen.storyboard in Resources */,
				DD8884BA2269A176001FB1FC /* Assets.xcassets in Resources */,
				DD8884B52269A172001FB1FC /* Main.storyboard in Resources */,
			);
			runOnlyForDeploymentPostprocessing = 0;
		};
/* End PBXResourcesBuildPhase section */

/* Begin PBXShellScriptBuildPhase section */
		31B227F795DF054BC273AA63 /* [CP] Check Pods Manifest.lock */ = {
			isa = PBXShellScriptBuildPhase;
			buildActionMask = 2147483647;
			files = (
			);
			inputPaths = (
				"${PODS_PODFILE_DIR_PATH}/Podfile.lock",
				"${PODS_ROOT}/Manifest.lock",
			);
			name = "[CP] Check Pods Manifest.lock";
			outputPaths = (
				"$(DERIVED_FILE_DIR)/Pods-GIF Finder-checkManifestLockResult.txt",
			);
			runOnlyForDeploymentPostprocessing = 0;
			shellPath = /bin/sh;
			shellScript = "diff \"${PODS_PODFILE_DIR_PATH}/Podfile.lock\" \"${PODS_ROOT}/Manifest.lock\" > /dev/null\nif [ $? != 0 ] ; then\n    # print error to STDERR\n    echo \"error: The sandbox is not in sync with the Podfile.lock. Run 'pod install' or update your CocoaPods installation.\" >&2\n    exit 1\nfi\n# This output is used by Xcode 'outputs' to avoid re-running this script phase.\necho \"SUCCESS\" > \"${SCRIPT_OUTPUT_FILE_0}\"\n";
			showEnvVarsInLog = 0;
		};
		EC081652F7C30D1BBEFA969B /* [CP] Embed Pods Frameworks */ = {
			isa = PBXShellScriptBuildPhase;
			buildActionMask = 2147483647;
			files = (
			);
			inputPaths = (
				"${SRCROOT}/Pods/Target Support Files/Pods-GIF Finder/Pods-GIF Finder-frameworks.sh",
				"${BUILT_PRODUCTS_DIR}/Alamofire/Alamofire.framework",
				"${BUILT_PRODUCTS_DIR}/FLAnimatedImage/FLAnimatedImage.framework",
			);
			name = "[CP] Embed Pods Frameworks";
			outputPaths = (
				"${TARGET_BUILD_DIR}/${FRAMEWORKS_FOLDER_PATH}/Alamofire.framework",
				"${TARGET_BUILD_DIR}/${FRAMEWORKS_FOLDER_PATH}/FLAnimatedImage.framework",
			);
			runOnlyForDeploymentPostprocessing = 0;
			shellPath = /bin/sh;
			shellScript = "\"${SRCROOT}/Pods/Target Support Files/Pods-GIF Finder/Pods-GIF Finder-frameworks.sh\"\n";
			showEnvVarsInLog = 0;
		};
/* End PBXShellScriptBuildPhase section */

/* Begin PBXSourcesBuildPhase section */
		DD8884A82269A172001FB1FC /* Sources */ = {
			isa = PBXSourcesBuildPhase;
			buildActionMask = 2147483647;
			files = (
				DD8884C8226D8424001FB1FC /* Protocols.swift in Sources */,
				DD8884B22269A172001FB1FC /* ViewController.swift in Sources */,
				DD8884FA226FB224001FB1FC /* GifList.swift in Sources */,
				DD8884B02269A172001FB1FC /* AppDelegate.swift in Sources */,
				DD8884FD2271017F001FB1FC /* GifListProtocols.swift in Sources */,
				DD8884C62269A40A001FB1FC /* APIManager.swift in Sources */,
				DD8884F8226FAAFD001FB1FC /* GifListGetter.swift in Sources */,
				DD8884CB226D917E001FB1FC /* Server.swift in Sources */,
				DD8884B82269A172001FB1FC /* GIF_Finder.xcdatamodeld in Sources */,
			);
			runOnlyForDeploymentPostprocessing = 0;
		};
/* End PBXSourcesBuildPhase section */

/* Begin PBXVariantGroup section */
		DD8884B32269A172001FB1FC /* Main.storyboard */ = {
			isa = PBXVariantGroup;
			children = (
				DD8884B42269A172001FB1FC /* Base */,
			);
			name = Main.storyboard;
			sourceTree = "<group>";
		};
		DD8884BB2269A176001FB1FC /* LaunchScreen.storyboard */ = {
			isa = PBXVariantGroup;
			children = (
				DD8884BC2269A176001FB1FC /* Base */,
			);
			name = LaunchScreen.storyboard;
			sourceTree = "<group>";
		};
/* End PBXVariantGroup section */

/* Begin XCBuildConfiguration section */
		DD8884BF2269A176001FB1FC /* Debug */ = {
			isa = XCBuildConfiguration;
			buildSettings = {
				ALWAYS_SEARCH_USER_PATHS = NO;
				CLANG_ANALYZER_NONNULL = YES;
				CLANG_ANALYZER_NUMBER_OBJECT_CONVERSION = YES_AGGRESSIVE;
				CLANG_CXX_LANGUAGE_STANDARD = "gnu++14";
				CLANG_CXX_LIBRARY = "libc++";
				CLANG_ENABLE_MODULES = YES;
				CLANG_ENABLE_OBJC_ARC = YES;
				CLANG_ENABLE_OBJC_WEAK = YES;
				CLANG_WARN_BLOCK_CAPTURE_AUTORELEASING = YES;
				CLANG_WARN_BOOL_CONVERSION = YES;
				CLANG_WARN_COMMA = YES;
				CLANG_WARN_CONSTANT_CONVERSION = YES;
				CLANG_WARN_DEPRECATED_OBJC_IMPLEMENTATIONS = YES;
				CLANG_WARN_DIRECT_OBJC_ISA_USAGE = YES_ERROR;
				CLANG_WARN_DOCUMENTATION_COMMENTS = YES;
				CLANG_WARN_EMPTY_BODY = YES;
				CLANG_WARN_ENUM_CONVERSION = YES;
				CLANG_WARN_INFINITE_RECURSION = YES;
				CLANG_WARN_INT_CONVERSION = YES;
				CLANG_WARN_NON_LITERAL_NULL_CONVERSION = YES;
				CLANG_WARN_OBJC_IMPLICIT_RETAIN_SELF = YES;
				CLANG_WARN_OBJC_LITERAL_CONVERSION = YES;
				CLANG_WARN_OBJC_ROOT_CLASS = YES_ERROR;
				CLANG_WARN_RANGE_LOOP_ANALYSIS = YES;
				CLANG_WARN_STRICT_PROTOTYPES = YES;
				CLANG_WARN_SUSPICIOUS_MOVE = YES;
				CLANG_WARN_UNGUARDED_AVAILABILITY = YES_AGGRESSIVE;
				CLANG_WARN_UNREACHABLE_CODE = YES;
				CLANG_WARN__DUPLICATE_METHOD_MATCH = YES;
				CODE_SIGN_IDENTITY = "iPhone Developer";
				COPY_PHASE_STRIP = NO;
				DEBUG_INFORMATION_FORMAT = dwarf;
				ENABLE_STRICT_OBJC_MSGSEND = YES;
				ENABLE_TESTABILITY = YES;
				GCC_C_LANGUAGE_STANDARD = gnu11;
				GCC_DYNAMIC_NO_PIC = NO;
				GCC_NO_COMMON_BLOCKS = YES;
				GCC_OPTIMIZATION_LEVEL = 0;
				GCC_PREPROCESSOR_DEFINITIONS = (
					"DEBUG=1",
					"$(inherited)",
				);
				GCC_WARN_64_TO_32_BIT_CONVERSION = YES;
				GCC_WARN_ABOUT_RETURN_TYPE = YES_ERROR;
				GCC_WARN_UNDECLARED_SELECTOR = YES;
				GCC_WARN_UNINITIALIZED_AUTOS = YES_AGGRESSIVE;
				GCC_WARN_UNUSED_FUNCTION = YES;
				GCC_WARN_UNUSED_VARIABLE = YES;
				IPHONEOS_DEPLOYMENT_TARGET = 12.2;
				MTL_ENABLE_DEBUG_INFO = INCLUDE_SOURCE;
				MTL_FAST_MATH = YES;
				ONLY_ACTIVE_ARCH = YES;
				SDKROOT = iphoneos;
				SWIFT_ACTIVE_COMPILATION_CONDITIONS = DEBUG;
				SWIFT_OPTIMIZATION_LEVEL = "-Onone";
			};
			name = Debug;
		};
		DD8884C02269A176001FB1FC /* Release */ = {
			isa = XCBuildConfiguration;
			buildSettings = {
				ALWAYS_SEARCH_USER_PATHS = NO;
				CLANG_ANALYZER_NONNULL = YES;
				CLANG_ANALYZER_NUMBER_OBJECT_CONVERSION = YES_AGGRESSIVE;
				CLANG_CXX_LANGUAGE_STANDARD = "gnu++14";
				CLANG_CXX_LIBRARY = "libc++";
				CLANG_ENABLE_MODULES = YES;
				CLANG_ENABLE_OBJC_ARC = YES;
				CLANG_ENABLE_OBJC_WEAK = YES;
				CLANG_WARN_BLOCK_CAPTURE_AUTORELEASING = YES;
				CLANG_WARN_BOOL_CONVERSION = YES;
				CLANG_WARN_COMMA = YES;
				CLANG_WARN_CONSTANT_CONVERSION = YES;
				CLANG_WARN_DEPRECATED_OBJC_IMPLEMENTATIONS = YES;
				CLANG_WARN_DIRECT_OBJC_ISA_USAGE = YES_ERROR;
				CLANG_WARN_DOCUMENTATION_COMMENTS = YES;
				CLANG_WARN_EMPTY_BODY = YES;
				CLANG_WARN_ENUM_CONVERSION = YES;
				CLANG_WARN_INFINITE_RECURSION = YES;
				CLANG_WARN_INT_CONVERSION = YES;
				CLANG_WARN_NON_LITERAL_NULL_CONVERSION = YES;
				CLANG_WARN_OBJC_IMPLICIT_RETAIN_SELF = YES;
				CLANG_WARN_OBJC_LITERAL_CONVERSION = YES;
				CLANG_WARN_OBJC_ROOT_CLASS = YES_ERROR;
				CLANG_WARN_RANGE_LOOP_ANALYSIS = YES;
				CLANG_WARN_STRICT_PROTOTYPES = YES;
				CLANG_WARN_SUSPICIOUS_MOVE = YES;
				CLANG_WARN_UNGUARDED_AVAILABILITY = YES_AGGRESSIVE;
				CLANG_WARN_UNREACHABLE_CODE = YES;
				CLANG_WARN__DUPLICATE_METHOD_MATCH = YES;
				CODE_SIGN_IDENTITY = "iPhone Developer";
				COPY_PHASE_STRIP = NO;
				DEBUG_INFORMATION_FORMAT = "dwarf-with-dsym";
				ENABLE_NS_ASSERTIONS = NO;
				ENABLE_STRICT_OBJC_MSGSEND = YES;
				GCC_C_LANGUAGE_STANDARD = gnu11;
				GCC_NO_COMMON_BLOCKS = YES;
				GCC_WARN_64_TO_32_BIT_CONVERSION = YES;
				GCC_WARN_ABOUT_RETURN_TYPE = YES_ERROR;
				GCC_WARN_UNDECLARED_SELECTOR = YES;
				GCC_WARN_UNINITIALIZED_AUTOS = YES_AGGRESSIVE;
				GCC_WARN_UNUSED_FUNCTION = YES;
				GCC_WARN_UNUSED_VARIABLE = YES;
				IPHONEOS_DEPLOYMENT_TARGET = 12.2;
				MTL_ENABLE_DEBUG_INFO = NO;
				MTL_FAST_MATH = YES;
				SDKROOT = iphoneos;
				SWIFT_COMPILATION_MODE = wholemodule;
				SWIFT_OPTIMIZATION_LEVEL = "-O";
				VALIDATE_PRODUCT = YES;
			};
			name = Release;
		};
		DD8884C22269A176001FB1FC /* Debug */ = {
			isa = XCBuildConfiguration;
			baseConfigurationReference = 95BF9E0743F7F07F7EB7F4A6 /* Pods-GIF Finder.debug.xcconfig */;
			buildSettings = {
				ASSETCATALOG_COMPILER_APPICON_NAME = AppIcon;
				CODE_SIGN_STYLE = Automatic;
				DEVELOPMENT_TEAM = SMJDH4AP96;
				INFOPLIST_FILE = "GIF Finder/Info.plist";
				LD_RUNPATH_SEARCH_PATHS = (
					"$(inherited)",
					"@executable_path/Frameworks",
				);
				PRODUCT_BUNDLE_IDENTIFIER = "NK95.GIF-Finder";
				PRODUCT_NAME = "$(TARGET_NAME)";
				SWIFT_VERSION = 5.0;
				TARGETED_DEVICE_FAMILY = "1,2";
			};
			name = Debug;
		};
		DD8884C32269A176001FB1FC /* Release */ = {
			isa = XCBuildConfiguration;
			baseConfigurationReference = 069CF67BAF51EE4A5881A412 /* Pods-GIF Finder.release.xcconfig */;
			buildSettings = {
				ASSETCATALOG_COMPILER_APPICON_NAME = AppIcon;
				CODE_SIGN_STYLE = Automatic;
				DEVELOPMENT_TEAM = SMJDH4AP96;
				INFOPLIST_FILE = "GIF Finder/Info.plist";
				LD_RUNPATH_SEARCH_PATHS = (
					"$(inherited)",
					"@executable_path/Frameworks",
				);
				PRODUCT_BUNDLE_IDENTIFIER = "NK95.GIF-Finder";
				PRODUCT_NAME = "$(TARGET_NAME)";
				SWIFT_VERSION = 5.0;
				TARGETED_DEVICE_FAMILY = "1,2";
			};
			name = Release;
		};
/* End XCBuildConfiguration section */

/* Begin XCConfigurationList section */
		DD8884A72269A172001FB1FC /* Build configuration list for PBXProject "GIF Finder" */ = {
			isa = XCConfigurationList;
			buildConfigurations = (
				DD8884BF2269A176001FB1FC /* Debug */,
				DD8884C02269A176001FB1FC /* Release */,
			);
			defaultConfigurationIsVisible = 0;
			defaultConfigurationName = Release;
		};
		DD8884C12269A176001FB1FC /* Build configuration list for PBXNativeTarget "GIF Finder" */ = {
			isa = XCConfigurationList;
			buildConfigurations = (
				DD8884C22269A176001FB1FC /* Debug */,
				DD8884C32269A176001FB1FC /* Release */,
			);
			defaultConfigurationIsVisible = 0;
			defaultConfigurationName = Release;
		};
/* End XCConfigurationList section */

/* Begin XCVersionGroup section */
		DD8884B62269A172001FB1FC /* GIF_Finder.xcdatamodeld */ = {
			isa = XCVersionGroup;
			children = (
				DD8884B72269A172001FB1FC /* GIF_Finder.xcdatamodel */,
			);
			currentVersion = DD8884B72269A172001FB1FC /* GIF_Finder.xcdatamodel */;
			path = GIF_Finder.xcdatamodeld;
			sourceTree = "<group>";
			versionGroupType = wrapper.xcdatamodel;
		};
/* End XCVersionGroup section */
	};
	rootObject = DD8884A42269A172001FB1FC /* Project object */;
}
